
Microsoft Visual Studio Solution File, Format Version 12.00
# Visual Studio 14
VisualStudioVersion = 14.0.24720.0
MinimumVisualStudioVersion = 10.0.40219.1
Project("{F2A71F9B-5D33-465A-A702-920D77279786}") = "CheckOut", "CheckOut.fsproj", "{1A820123-36A3-4383-AA56-12724E4E6D09}"
EndProject
Global
	GlobalSection(SolutionConfigurationPlatforms) = preSolution
		Debug|Any CPU = Debug|Any CPU
		Release|Any CPU = Release|Any CPU
	EndGlobalSection
	GlobalSection(ProjectConfigurationPlatforms) = postSolution
		{1A820123-36A3-4383-AA56-12724E4E6D09}.Debug|Any CPU.ActiveCfg = Debug|Any CPU
		{1A820123-36A3-4383-AA56-12724E4E6D09}.Debug|Any CPU.Build.0 = Debug|Any CPU
		{1A820123-36A3-4383-AA56-12724E4E6D09}.Release|Any CPU.ActiveCfg = Release|Any CPU
		{1A820123-36A3-4383-AA56-12724E4E6D09}.Release|Any CPU.Build.0 = Release|Any CPU
	EndGlobalSection
	GlobalSection(SolutionProperties) = preSolution
		HideSolutionNode = FALSE
	EndGlobalSection
EndGlobal
